
Microsoft Visual Studio Solution File, Format Version 12.00
# Visual Studio 15
VisualStudioVersion = 15.0.28307.168
MinimumVisualStudioVersion = 10.0.40219.1
Project("{FAE04EC0-301F-11D3-BF4B-00C04F79EFBC}") = "BolnicaApp", "BolnicaApp\BolnicaApp.csproj", "{A943CD99-B435-40F6-8E46-69E1912E4ABB}"
EndProject
Project("{FAE04EC0-301F-11D3-BF4B-00C04F79EFBC}") = "Pretrazivanje", "Pretrazivanje\Pretrazivanje.csproj", "{185FC533-0283-493B-9FEC-37A0F439EE0B}"
EndProject
Global
	GlobalSection(SolutionConfigurationPlatforms) = preSolution
		Debug|Any CPU = Debug|Any CPU
		Debug|ARM = Debug|ARM
		Debug|ARM64 = Debug|ARM64
		Debug|x64 = Debug|x64
		Debug|x86 = Debug|x86
		Release|Any CPU = Release|Any CPU
		Release|ARM = Release|ARM
		Release|ARM64 = Release|ARM64
		Release|x64 = Release|x64
		Release|x86 = Release|x86
	EndGlobalSection
	GlobalSection(ProjectConfigurationPlatforms) = postSolution
		{A943CD99-B435-40F6-8E46-69E1912E4ABB}.Debug|Any CPU.ActiveCfg = Debug|Any CPU
		{A943CD99-B435-40F6-8E46-69E1912E4ABB}.Debug|Any CPU.Build.0 = Debug|Any CPU
		{A943CD99-B435-40F6-8E46-69E1912E4ABB}.Debug|ARM.ActiveCfg = Debug|Any CPU
		{A943CD99-B435-40F6-8E46-69E1912E4ABB}.Debug|ARM.Build.0 = Debug|Any CPU
		{A943CD99-B435-40F6-8E46-69E1912E4ABB}.Debug|ARM64.ActiveCfg = Debug|Any CPU
		{A943CD99-B435-40F6-8E46-69E1912E4ABB}.Debug|ARM64.Build.0 = Debug|Any CPU
		{A943CD99-B435-40F6-8E46-69E1912E4ABB}.Debug|x64.ActiveCfg = Debug|Any CPU
		{A943CD99-B435-40F6-8E46-69E1912E4ABB}.Debug|x64.Build.0 = Debug|Any CPU
		{A943CD99-B435-40F6-8E46-69E1912E4ABB}.Debug|x86.ActiveCfg = Debug|Any CPU
		{A943CD99-B435-40F6-8E46-69E1912E4ABB}.Debug|x86.Build.0 = Debug|Any CPU
		{A943CD99-B435-40F6-8E46-69E1912E4ABB}.Release|Any CPU.ActiveCfg = Release|Any CPU
		{A943CD99-B435-40F6-8E46-69E1912E4ABB}.Release|Any CPU.Build.0 = Release|Any CPU
		{A943CD99-B435-40F6-8E46-69E1912E4ABB}.Release|ARM.ActiveCfg = Release|Any CPU
		{A943CD99-B435-40F6-8E46-69E1912E4ABB}.Release|ARM.Build.0 = Release|Any CPU
		{A943CD99-B435-40F6-8E46-69E1912E4ABB}.Release|ARM64.ActiveCfg = Release|Any CPU
		{A943CD99-B435-40F6-8E46-69E1912E4ABB}.Release|ARM64.Build.0 = Release|Any CPU
		{A943CD99-B435-40F6-8E46-69E1912E4ABB}.Release|x64.ActiveCfg = Release|Any CPU
		{A943CD99-B435-40F6-8E46-69E1912E4ABB}.Release|x64.Build.0 = Release|Any CPU
		{A943CD99-B435-40F6-8E46-69E1912E4ABB}.Release|x86.ActiveCfg = Release|Any CPU
		{A943CD99-B435-40F6-8E46-69E1912E4ABB}.Release|x86.Build.0 = Release|Any CPU
		{185FC533-0283-493B-9FEC-37A0F439EE0B}.Debug|Any CPU.ActiveCfg = Debug|Any CPU
		{185FC533-0283-493B-9FEC-37A0F439EE0B}.Debug|Any CPU.Build.0 = Debug|Any CPU
		{185FC533-0283-493B-9FEC-37A0F439EE0B}.Debug|ARM.ActiveCfg = Debug|Any CPU
		{185FC533-0283-493B-9FEC-37A0F439EE0B}.Debug|ARM.Build.0 = Debug|Any CPU
		{185FC533-0283-493B-9FEC-37A0F439EE0B}.Debug|ARM64.ActiveCfg = Debug|Any CPU
		{185FC533-0283-493B-9FEC-37A0F439EE0B}.Debug|ARM64.Build.0 = Debug|Any CPU
		{185FC533-0283-493B-9FEC-37A0F439EE0B}.Debug|x64.ActiveCfg = Debug|Any CPU
		{185FC533-0283-493B-9FEC-37A0F439EE0B}.Debug|x64.Build.0 = Debug|Any CPU
		{185FC533-0283-493B-9FEC-37A0F439EE0B}.Debug|x86.ActiveCfg = Debug|Any CPU
		{185FC533-0283-493B-9FEC-37A0F439EE0B}.Debug|x86.Build.0 = Debug|Any CPU
		{185FC533-0283-493B-9FEC-37A0F439EE0B}.Release|Any CPU.ActiveCfg = Release|Any CPU
		{185FC533-0283-493B-9FEC-37A0F439EE0B}.Release|Any CPU.Build.0 = Release|Any CPU
		{185FC533-0283-493B-9FEC-37A0F439EE0B}.Release|ARM.ActiveCfg = Release|Any CPU
		{185FC533-0283-493B-9FEC-37A0F439EE0B}.Release|ARM.Build.0 = Release|Any CPU
		{185FC533-0283-493B-9FEC-37A0F439EE0B}.Release|ARM64.ActiveCfg = Release|Any CPU
		{185FC533-0283-493B-9FEC-37A0F439EE0B}.Release|ARM64.Build.0 = Release|Any CPU
		{185FC533-0283-493B-9FEC-37A0F439EE0B}.Release|x64.ActiveCfg = Release|Any CPU
		{185FC533-0283-493B-9FEC-37A0F439EE0B}.Release|x64.Build.0 = Release|Any CPU
		{185FC533-0283-493B-9FEC-37A0F439EE0B}.Release|x86.ActiveCfg = Release|Any CPU
		{185FC533-0283-493B-9FEC-37A0F439EE0B}.Release|x86.Build.0 = Release|Any CPU
	EndGlobalSection
	GlobalSection(SolutionProperties) = preSolution
		HideSolutionNode = FALSE
	EndGlobalSection
	GlobalSection(ExtensibilityGlobals) = postSolution
		SolutionGuid = {960E72D8-57AF-4037-993D-652806B2B322}
	EndGlobalSection
EndGlobal
